# ============================================================================
# Hyvä integration — version lock
# ============================================================================
# The upstream commit this integration is pinned to. Projects receive THIS commit
# deterministically; upstream `main` is NEVER auto-followed during project task
# execution. Bumping requires the explicit update workflow (update-policy.md).
# ============================================================================
schema_version: 1
locked_commit: a28a3333bcfae05dcba07e88f38a5ff9579903c7
locked_branch: main
locked_at: "2026-07-28"
hyva_integration_version: "1.0.0"
policy: pinned  # discover → inspect diff → review license → update canonical → test → publish → retrofit
do_not_auto_follow_main: true
